
Microsoft Visual Studio Solution File, Format Version 12.00
# Visual Studio 15
VisualStudioVersion = 15.0.28307.757
MinimumVisualStudioVersion = 10.0.40219.1
Project("{FAE04EC0-301F-11D3-BF4B-00C04F79EFBC}") = "LaboratorioNro09", "LaboratorioNro09\LaboratorioNro09.csproj", "{510C4CFA-1E1A-47C0-BFF2-19D8CAD44021}"
EndProject
Global
	GlobalSection(SolutionConfigurationPlatforms) = preSolution
		Debug|Any CPU = Debug|Any CPU
		Release|Any CPU = Release|Any CPU
	EndGlobalSection
	GlobalSection(ProjectConfigurationPlatforms) = postSolution
		{510C4CFA-1E1A-47C0-BFF2-19D8CAD44021}.Debug|Any CPU.ActiveCfg = Debug|Any CPU
		{510C4CFA-1E1A-47C0-BFF2-19D8CAD44021}.Debug|Any CPU.Build.0 = Debug|Any CPU
		{510C4CFA-1E1A-47C0-BFF2-19D8CAD44021}.Release|Any CPU.ActiveCfg = Release|Any CPU
		{510C4CFA-1E1A-47C0-BFF2-19D8CAD44021}.Release|Any CPU.Build.0 = Release|Any CPU
	EndGlobalSection
	GlobalSection(SolutionProperties) = preSolution
		HideSolutionNode = FALSE
	EndGlobalSection
	GlobalSection(ExtensibilityGlobals) = postSolution
		SolutionGuid = {D7EED8A3-CE79-4817-A8BA-3CEF4FE40828}
	EndGlobalSection
EndGlobal
